
Microsoft Visual Studio Solution File, Format Version 12.00
# Visual Studio 2013
VisualStudioVersion = 12.0.31101.0
MinimumVisualStudioVersion = 10.0.40219.1
Project("{FAE04EC0-301F-11D3-BF4B-00C04F79EFBC}") = "TimeTrackLibrary", "TimeTrackLibrary\TimeTrackLibrary.csproj", "{A31BDC4B-2D58-4DF4-A4D7-8EA9A5CA2347}"
EndProject
Project("{FAE04EC0-301F-11D3-BF4B-00C04F79EFBC}") = "WinFormsInterface", "TimeTrackInterface\WinFormsInterface.csproj", "{E70C2C94-8E44-4831-9800-1A5474913DB7}"
EndProject
Global
	GlobalSection(SolutionConfigurationPlatforms) = preSolution
		Debug|Any CPU = Debug|Any CPU
		Release|Any CPU = Release|Any CPU
	EndGlobalSection
	GlobalSection(ProjectConfigurationPlatforms) = postSolution
		{A31BDC4B-2D58-4DF4-A4D7-8EA9A5CA2347}.Debug|Any CPU.ActiveCfg = Debug|Any CPU
		{A31BDC4B-2D58-4DF4-A4D7-8EA9A5CA2347}.Debug|Any CPU.Build.0 = Debug|Any CPU
		{A31BDC4B-2D58-4DF4-A4D7-8EA9A5CA2347}.Release|Any CPU.ActiveCfg = Release|Any CPU
		{A31BDC4B-2D58-4DF4-A4D7-8EA9A5CA2347}.Release|Any CPU.Build.0 = Release|Any CPU
		{E70C2C94-8E44-4831-9800-1A5474913DB7}.Debug|Any CPU.ActiveCfg = Debug|Any CPU
		{E70C2C94-8E44-4831-9800-1A5474913DB7}.Debug|Any CPU.Build.0 = Debug|Any CPU
		{E70C2C94-8E44-4831-9800-1A5474913DB7}.Release|Any CPU.ActiveCfg = Release|Any CPU
		{E70C2C94-8E44-4831-9800-1A5474913DB7}.Release|Any CPU.Build.0 = Release|Any CPU
	EndGlobalSection
	GlobalSection(SolutionProperties) = preSolution
		HideSolutionNode = FALSE
	EndGlobalSection
EndGlobal
